PODS:
  - ChecklistPlugin (1.0.1):
    - ChecklistPlugin/Core (= 1.0.1)
  - ChecklistPlugin/Core (1.0.1):
    - MobileWorkflow (~> 2.1.6)
  - MobileWorkflow (2.1.13):
    - MobileWorkflow/Core (= 2.1.13)
  - MobileWorkflow/Core (2.1.13)

DEPENDENCIES:
  - ChecklistPlugin (from `ChecklistPlugin.podspec`)
  - MobileWorkflow (~> 2.1.13)

SPEC REPOS:
  https://github.com/FutureWorkshops/MWPodspecs.git:
    - MobileWorkflow

EXTERNAL SOURCES:
  ChecklistPlugin:
    :path: ChecklistPlugin.podspec

SPEC CHECKSUMS:
  ChecklistPlugin: 70b8bb4e3a272d99dd770b13cc2e53332d05f76d
  MobileWorkflow: daefa95c609644897d5dc4ab3ee01a40cc6f55c3

PODFILE CHECKSUM: 866eeacc63ff5b05bdf3126a9a84fbb17abe48c7

COCOAPODS: 1.15.2
