PODS:
  - ChecklistPlugin (1.0.2):
    - ChecklistPlugin/Core (= 1.0.2)
  - ChecklistPlugin/Core (1.0.2):
    - MobileWorkflow (~> 2.1.29)
  - MobileWorkflow (2.1.29):
    - MobileWorkflow/Core (= 2.1.29)
  - MobileWorkflow/Core (2.1.29)

DEPENDENCIES:
  - ChecklistPlugin (from `ChecklistPlugin.podspec`)
  - MobileWorkflow (~> 2.1.13)

SPEC REPOS:
  https://github.com/FutureWorkshops/MWPodspecs.git:
    - MobileWorkflow

EXTERNAL SOURCES:
  ChecklistPlugin:
    :path: ChecklistPlugin.podspec

SPEC CHECKSUMS:
  ChecklistPlugin: 7b51b18eb86674701bc48aa929a0f8aabd1999db
  MobileWorkflow: 95ae9b93675fd092a4974787948b83899844354d

PODFILE CHECKSUM: 866eeacc63ff5b05bdf3126a9a84fbb17abe48c7

COCOAPODS: 1.15.2
